
Microsoft Visual Studio Solution File, Format Version 12.00
# Visual Studio Version 17
VisualStudioVersion = 17.6.33829.357
MinimumVisualStudioVersion = 10.0.40219.1
Project("{FAE04EC0-301F-11D3-BF4B-00C04F79EFBC}") = "delegatePracticep1", "delegatePracticep1\delegatePracticep1.csproj", "{232E2605-B492-4C9D-8AA1-2997E1D99827}"
EndProject
Global
	GlobalSection(SolutionConfigurationPlatforms) = preSolution
		Debug|Any CPU = Debug|Any CPU
		Release|Any CPU = Release|Any CPU
	EndGlobalSection
	GlobalSection(ProjectConfigurationPlatforms) = postSolution
		{232E2605-B492-4C9D-8AA1-2997E1D99827}.Debug|Any CPU.ActiveCfg = Debug|Any CPU
		{232E2605-B492-4C9D-8AA1-2997E1D99827}.Debug|Any CPU.Build.0 = Debug|Any CPU
		{232E2605-B492-4C9D-8AA1-2997E1D99827}.Release|Any CPU.ActiveCfg = Release|Any CPU
		{232E2605-B492-4C9D-8AA1-2997E1D99827}.Release|Any CPU.Build.0 = Release|Any CPU
	EndGlobalSection
	GlobalSection(SolutionProperties) = preSolution
		HideSolutionNode = FALSE
	EndGlobalSection
	GlobalSection(ExtensibilityGlobals) = postSolution
		SolutionGuid = {BADB8265-AE51-4346-AB22-9C19945D68FC}
	EndGlobalSection
EndGlobal
