
Microsoft Visual Studio Solution File, Format Version 12.00
# Visual Studio Version 17
VisualStudioVersion = 17.6.33829.357
MinimumVisualStudioVersion = 10.0.40219.1
Project("{FAE04EC0-301F-11D3-BF4B-00C04F79EFBC}") = "delegatePractice", "delegatePractice\delegatePractice.csproj", "{A60EAA1E-A784-410C-8857-5721D1B3A114}"
EndProject
Global
	GlobalSection(SolutionConfigurationPlatforms) = preSolution
		Debug|Any CPU = Debug|Any CPU
		Release|Any CPU = Release|Any CPU
	EndGlobalSection
	GlobalSection(ProjectConfigurationPlatforms) = postSolution
		{A60EAA1E-A784-410C-8857-5721D1B3A114}.Debug|Any CPU.ActiveCfg = Debug|Any CPU
		{A60EAA1E-A784-410C-8857-5721D1B3A114}.Debug|Any CPU.Build.0 = Debug|Any CPU
		{A60EAA1E-A784-410C-8857-5721D1B3A114}.Release|Any CPU.ActiveCfg = Release|Any CPU
		{A60EAA1E-A784-410C-8857-5721D1B3A114}.Release|Any CPU.Build.0 = Release|Any CPU
	EndGlobalSection
	GlobalSection(SolutionProperties) = preSolution
		HideSolutionNode = FALSE
	EndGlobalSection
	GlobalSection(ExtensibilityGlobals) = postSolution
		SolutionGuid = {8D83F562-740D-4C56-9AF7-C92C5E3D5138}
	EndGlobalSection
EndGlobal
